// !$*UTF8*$!
{
	archiveVersion = 1;
	classes = {
	};
	objectVersion = 51;
	objects = {

/* Begin PBXBuildFile section */
		212BC849AFB4BF0883B16D3E /* Pods_Todoey.framework in Frameworks */ = {isa = PBXBuildFile; fileRef = 35EF1787AE00BCF8015A97C9 /* Pods_Todoey.framework */; };
		74E00F4A23A79ADB00675F8C /* AppDelegate.swift in Sources */ = {isa = PBXBuildFile; fileRef = 74E00F4923A79ADB00675F8C /* AppDelegate.swift */; };
		74E00F4C23A79ADB00675F8C /* SceneDelegate.swift in Sources */ = {isa = PBXBuildFile; fileRef = 74E00F4B23A79ADB00675F8C /* SceneDelegate.swift */; };
		74E00F4E23A79ADB00675F8C /* ToDoListViewController.swift in Sources */ = {isa = PBXBuildFile; fileRef = 74E00F4D23A79ADB00675F8C /* ToDoListViewController.swift */; };
		74E00F5123A79ADB00675F8C /* Main.storyboard in Resources */ = {isa = PBXBuildFile; fileRef = 74E00F4F23A79ADB00675F8C /* Main.storyboard */; };
		74E00F5323A79ADC00675F8C /* Assets.xcassets in Resources */ = {isa = PBXBuildFile; fileRef = 74E00F5223A79ADC00675F8C /* Assets.xcassets */; };
		74E00F5623A79ADC00675F8C /* LaunchScreen.storyboard in Resources */ = {isa = PBXBuildFile; fileRef = 74E00F5423A79ADC00675F8C /* LaunchScreen.storyboard */; };
		74FAE31D23AE304400940DCB /* CategoryViewController.swift in Sources */ = {isa = PBXBuildFile; fileRef = 74FAE31C23AE304400940DCB /* CategoryViewController.swift */; };
		74FAE35A23B0C3A200940DCB /* Item.swift in Sources */ = {isa = PBXBuildFile; fileRef = 74FAE35923B0C3A200940DCB /* Item.swift */; };
		74FAE35C23B0C3BB00940DCB /* Category.swift in Sources */ = {isa = PBXBuildFile; fileRef = 74FAE35B23B0C3BB00940DCB /* Category.swift */; };
		74FAE35E23B2022500940DCB /* SwipeTableViewController.swift in Sources */ = {isa = PBXBuildFile; fileRef = 74FAE35D23B2022500940DCB /* SwipeTableViewController.swift */; };
/* End PBXBuildFile section */

/* Begin PBXFileReference section */
		35EF1787AE00BCF8015A97C9 /* Pods_Todoey.framework */ = {isa = PBXFileReference; explicitFileType = wrapper.framework; includeInIndex = 0; path = Pods_Todoey.framework; sourceTree = BUILT_PRODUCTS_DIR; };
		74E00F4623A79ADB00675F8C /* Todoey.app */ = {isa = PBXFileReference; explicitFileType = wrapper.application; includeInIndex = 0; path = Todoey.app; sourceTree = BUILT_PRODUCTS_DIR; };
		74E00F4923A79ADB00675F8C /* AppDelegate.swift */ = {isa = PBXFileReference; lastKnownFileType = sourcecode.swift; path = AppDelegate.swift; sourceTree = "<group>"; };
		74E00F4B23A79ADB00675F8C /* SceneDelegate.swift */ = {isa = PBXFileReference; lastKnownFileType = sourcecode.swift; path = SceneDelegate.swift; sourceTree = "<group>"; };
		74E00F4D23A79ADB00675F8C /* ToDoListViewController.swift */ = {isa = PBXFileReference; lastKnownFileType = sourcecode.swift; path = ToDoListViewController.swift; sourceTree = "<group>"; };
		74E00F5023A79ADB00675F8C /* Base */ = {isa = PBXFileReference; lastKnownFileType = file.storyboard; name = Base; path = Base.lproj/Main.storyboard; sourceTree = "<group>"; };
		74E00F5223A79ADC00675F8C /* Assets.xcassets */ = {isa = PBXFileReference; lastKnownFileType = folder.assetcatalog; path = Assets.xcassets; sourceTree = "<group>"; };
		74E00F5523A79ADC00675F8C /* Base */ = {isa = PBXFileReference; lastKnownFileType = file.storyboard; name = Base; path = Base.lproj/LaunchScreen.storyboard; sourceTree = "<group>"; };
		74E00F5723A79ADC00675F8C /* Info.plist */ = {isa = PBXFileReference; lastKnownFileType = text.plist.xml; path = Info.plist; sourceTree = "<group>"; };
		74FAE31C23AE304400940DCB /* CategoryViewController.swift */ = {isa = PBXFileReference; lastKnownFileType = sourcecode.swift; path = CategoryViewController.swift; sourceTree = "<group>"; };
		74FAE35923B0C3A200940DCB /* Item.swift */ = {isa = PBXFileReference; lastKnownFileType = sourcecode.swift; path = Item.swift; sourceTree = "<group>"; };
		74FAE35B23B0C3BB00940DCB /* Category.swift */ = {isa = PBXFileReference; lastKnownFileType = sourcecode.swift; path = Category.swift; sourceTree = "<group>"; };
		74FAE35D23B2022500940DCB /* SwipeTableViewController.swift */ = {isa = PBXFileReference; lastKnownFileType = sourcecode.swift; path = SwipeTableViewController.swift; sourceTree = "<group>"; };
		828324B413D53B9C8780078A /* Pods-Todoey.debug.xcconfig */ = {isa = PBXFileReference; includeInIndex = 1; lastKnownFileType = text.xcconfig; name = "Pods-Todoey.debug.xcconfig"; path = "Target Support Files/Pods-Todoey/Pods-Todoey.debug.xcconfig"; sourceTree = "<group>"; };
		84864F10A758B63598AFABA6 /* Pods-Todoey.release.xcconfig */ = {isa = PBXFileReference; includeInIndex = 1; lastKnownFileType = text.xcconfig; name = "Pods-Todoey.release.xcconfig"; path = "Target Support Files/Pods-Todoey/Pods-Todoey.release.xcconfig"; sourceTree = "<group>"; };
/* End PBXFileReference section */

/* Begin PBXFrameworksBuildPhase section */
		74E00F4323A79ADB00675F8C /* Frameworks */ = {
			isa = PBXFrameworksBuildPhase;
			buildActionMask = 2147483647;
			files = (
				212BC849AFB4BF0883B16D3E /* Pods_Todoey.framework in Frameworks */,
			);
			runOnlyForDeploymentPostprocessing = 0;
		};
/* End PBXFrameworksBuildPhase section */

/* Begin PBXGroup section */
		25AE442C595EC8A41FAC37B2 /* Frameworks */ = {
			isa = PBXGroup;
			children = (
				35EF1787AE00BCF8015A97C9 /* Pods_Todoey.framework */,
			);
			name = Frameworks;
			sourceTree = "<group>";
		};
		483E98E7CC6BAB565C9B70D2 /* Pods */ = {
			isa = PBXGroup;
			children = (
				828324B413D53B9C8780078A /* Pods-Todoey.debug.xcconfig */,
				84864F10A758B63598AFABA6 /* Pods-Todoey.release.xcconfig */,
			);
			path = Pods;
			sourceTree = "<group>";
		};
		740A67B223AA29F200D156B1 /* Data Model */ = {
			isa = PBXGroup;
			children = (
				74FAE35B23B0C3BB00940DCB /* Category.swift */,
				74FAE35923B0C3A200940DCB /* Item.swift */,
			);
			path = "Data Model";
			sourceTree = "<group>";
		};
		740A67B323AA2A0000D156B1 /* Controllers */ = {
			isa = PBXGroup;
			children = (
				74FAE31C23AE304400940DCB /* CategoryViewController.swift */,
				74E00F4D23A79ADB00675F8C /* ToDoListViewController.swift */,
				74FAE35D23B2022500940DCB /* SwipeTableViewController.swift */,
			);
			path = Controllers;
			sourceTree = "<group>";
		};
		740A67B423AA2A1900D156B1 /* Views */ = {
			isa = PBXGroup;
			children = (
				74E00F4F23A79ADB00675F8C /* Main.storyboard */,
			);
			path = Views;
			sourceTree = "<group>";
		};
		740A67B523AA2A2500D156B1 /* Supporting files */ = {
			isa = PBXGroup;
			children = (
				74E00F5223A79ADC00675F8C /* Assets.xcassets */,
				74E00F5423A79ADC00675F8C /* LaunchScreen.storyboard */,
			);
			path = "Supporting files";
			sourceTree = "<group>";
		};
		74E00F3D23A79ADB00675F8C = {
			isa = PBXGroup;
			children = (
				74E00F4823A79ADB00675F8C /* Todoey */,
				74E00F4723A79ADB00675F8C /* Products */,
				483E98E7CC6BAB565C9B70D2 /* Pods */,
				25AE442C595EC8A41FAC37B2 /* Frameworks */,
			);
			sourceTree = "<group>";
		};
		74E00F4723A79ADB00675F8C /* Products */ = {
			isa = PBXGroup;
			children = (
				74E00F4623A79ADB00675F8C /* Todoey.app */,
			);
			name = Products;
			sourceTree = "<group>";
		};
		74E00F4823A79ADB00675F8C /* Todoey */ = {
			isa = PBXGroup;
			children = (
				74E00F4923A79ADB00675F8C /* AppDelegate.swift */,
				74E00F4B23A79ADB00675F8C /* SceneDelegate.swift */,
				740A67B223AA29F200D156B1 /* Data Model */,
				740A67B323AA2A0000D156B1 /* Controllers */,
				740A67B423AA2A1900D156B1 /* Views */,
				740A67B523AA2A2500D156B1 /* Supporting files */,
				74E00F5723A79ADC00675F8C /* Info.plist */,
			);
			path = Todoey;
			sourceTree = "<group>";
		};
/* End PBXGroup section */

/* Begin PBXNativeTarget section */
		74E00F4523A79ADB00675F8C /* Todoey */ = {
			isa = PBXNativeTarget;
			buildConfigurationList = 74E00F5A23A79ADC00675F8C /* Build configuration list for PBXNativeTarget "Todoey" */;
			buildPhases = (
				8632F08CC3E2D387191A9783 /* [CP] Check Pods Manifest.lock */,
				74E00F4223A79ADB00675F8C /* Sources */,
				74E00F4323A79ADB00675F8C /* Frameworks */,
				74E00F4423A79ADB00675F8C /* Resources */,
				06A767219425DD87C0E563A0 /* [CP] Embed Pods Frameworks */,
			);
			buildRules = (
			);
			dependencies = (
			);
			name = Todoey;
			productName = Todoey;
			productReference = 74E00F4623A79ADB00675F8C /* Todoey.app */;
			productType = "com.apple.product-type.application";
		};
/* End PBXNativeTarget section */

/* Begin PBXProject section */
		74E00F3E23A79ADB00675F8C /* Project object */ = {
			isa = PBXProject;
			attributes = {
				LastSwiftUpdateCheck = 1120;
				LastUpgradeCheck = 1120;
				ORGANIZATIONNAME = AppFactory;
				TargetAttributes = {
					74E00F4523A79ADB00675F8C = {
						CreatedOnToolsVersion = 11.2.1;
					};
				};
			};
			buildConfigurationList = 74E00F4123A79ADB00675F8C /* Build configuration list for PBXProject "Todoey" */;
			compatibilityVersion = "Xcode 9.3";
			developmentRegion = en;
			hasScannedForEncodings = 0;
			knownRegions = (
				en,
				Base,
			);
			mainGroup = 74E00F3D23A79ADB00675F8C;
			productRefGroup = 74E00F4723A79ADB00675F8C /* Products */;
			projectDirPath = "";
			projectRoot = "";
			targets = (
				74E00F4523A79ADB00675F8C /* Todoey */,
			);
		};
/* End PBXProject section */

/* Begin PBXResourcesBuildPhase section */
		74E00F4423A79ADB00675F8C /* Resources */ = {
			isa = PBXResourcesBuildPhase;
			buildActionMask = 2147483647;
			files = (
				74E00F5623A79ADC00675F8C /* LaunchScreen.storyboard in Resources */,
				74E00F5323A79ADC00675F8C /* Assets.xcassets in Resources */,
				74E00F5123A79ADB00675F8C /* Main.storyboard in Resources */,
			);
			runOnlyForDeploymentPostprocessing = 0;
		};
/* End PBXResourcesBuildPhase section */

/* Begin PBXShellScriptBuildPhase section */
		06A767219425DD87C0E563A0 /* [CP] Embed Pods Frameworks */ = {
			isa = PBXShellScriptBuildPhase;
			buildActionMask = 2147483647;
			files = (
			);
			inputFileListPaths = (
				"${PODS_ROOT}/Target Support Files/Pods-Todoey/Pods-Todoey-frameworks-${CONFIGURATION}-input-files.xcfilelist",
			);
			name = "[CP] Embed Pods Frameworks";
			outputFileListPaths = (
				"${PODS_ROOT}/Target Support Files/Pods-Todoey/Pods-Todoey-frameworks-${CONFIGURATION}-output-files.xcfilelist",
			);
			runOnlyForDeploymentPostprocessing = 0;
			shellPath = /bin/sh;
			shellScript = "\"${PODS_ROOT}/Target Support Files/Pods-Todoey/Pods-Todoey-frameworks.sh\"\n";
			showEnvVarsInLog = 0;
		};
		8632F08CC3E2D387191A9783 /* [CP] Check Pods Manifest.lock */ = {
			isa = PBXShellScriptBuildPhase;
			buildActionMask = 2147483647;
			files = (
			);
			inputFileListPaths = (
			);
			inputPaths = (
				"${PODS_PODFILE_DIR_PATH}/Podfile.lock",
				"${PODS_ROOT}/Manifest.lock",
			);
			name = "[CP] Check Pods Manifest.lock";
			outputFileListPaths = (
			);
			outputPaths = (
				"$(DERIVED_FILE_DIR)/Pods-Todoey-checkManifestLockResult.txt",
			);
			runOnlyForDeploymentPostprocessing = 0;
			shellPath = /bin/sh;
			shellScript = "diff \"${PODS_PODFILE_DIR_PATH}/Podfile.lock\" \"${PODS_ROOT}/Manifest.lock\" > /dev/null\nif [ $? != 0 ] ; then\n    # print error to STDERR\n    echo \"error: The sandbox is not in sync with the Podfile.lock. Run 'pod install' or update your CocoaPods installation.\" >&2\n    exit 1\nfi\n# This output is used by Xcode 'outputs' to avoid re-running this script phase.\necho \"SUCCESS\" > \"${SCRIPT_OUTPUT_FILE_0}\"\n";
			showEnvVarsInLog = 0;
		};
/* End PBXShellScriptBuildPhase section */

/* Begin PBXSourcesBuildPhase section */
		74E00F4223A79ADB00675F8C /* Sources */ = {
			isa = PBXSourcesBuildPhase;
			buildActionMask = 2147483647;
			files = (
				74FAE31D23AE304400940DCB /* CategoryViewController.swift in Sources */,
				74E00F4E23A79ADB00675F8C /* ToDoListViewController.swift in Sources */,
				74E00F4A23A79ADB00675F8C /* AppDelegate.swift in Sources */,
				74FAE35E23B2022500940DCB /* SwipeTableViewController.swift in Sources */,
				74FAE35A23B0C3A200940DCB /* Item.swift in Sources */,
				74E00F4C23A79ADB00675F8C /* SceneDelegate.swift in Sources */,
				74FAE35C23B0C3BB00940DCB /* Category.swift in Sources */,
			);
			runOnlyForDeploymentPostprocessing = 0;
		};
/* End PBXSourcesBuildPhase section */

/* Begin PBXVariantGroup section */
		74E00F4F23A79ADB00675F8C /* Main.storyboard */ = {
			isa = PBXVariantGroup;
			children = (
				74E00F5023A79ADB00675F8C /* Base */,
			);
			name = Main.storyboard;
			sourceTree = "<group>";
		};
		74E00F5423A79ADC00675F8C /* LaunchScreen.storyboard */ = {
			isa = PBXVariantGroup;
			children = (
				74E00F5523A79ADC00675F8C /* Base */,
			);
			name = LaunchScreen.storyboard;
			sourceTree = "<group>";
		};
/* End PBXVariantGroup section */

/* Begin XCBuildConfiguration section */
		74E00F5823A79ADC00675F8C /* Debug */ = {
			isa = XCBuildConfiguration;
			buildSettings = {
				ALWAYS_SEARCH_USER_PATHS = NO;
				CLANG_ANALYZER_NONNULL = YES;
				CLANG_ANALYZER_NUMBER_OBJECT_CONVERSION = YES_AGGRESSIVE;
				CLANG_CXX_LANGUAGE_STANDARD = "gnu++14";
				CLANG_CXX_LIBRARY = "libc++";
				CLANG_ENABLE_MODULES = YES;
				CLANG_ENABLE_OBJC_ARC = YES;
				CLANG_ENABLE_OBJC_WEAK = YES;
				CLANG_WARN_BLOCK_CAPTURE_AUTORELEASING = YES;
				CLANG_WARN_BOOL_CONVERSION = YES;
				CLANG_WARN_COMMA = YES;
				CLANG_WARN_CONSTANT_CONVERSION = YES;
				CLANG_WARN_DEPRECATED_OBJC_IMPLEMENTATIONS = YES;
				CLANG_WARN_DIRECT_OBJC_ISA_USAGE = YES_ERROR;
				CLANG_WARN_DOCUMENTATION_COMMENTS = YES;
				CLANG_WARN_EMPTY_BODY = YES;
				CLANG_WARN_ENUM_CONVERSION = YES;
				CLANG_WARN_INFINITE_RECURSION = YES;
				CLANG_WARN_INT_CONVERSION = YES;
				CLANG_WARN_NON_LITERAL_NULL_CONVERSION = YES;
				CLANG_WARN_OBJC_IMPLICIT_RETAIN_SELF = YES;
				CLANG_WARN_OBJC_LITERAL_CONVERSION = YES;
				CLANG_WARN_OBJC_ROOT_CLASS = YES_ERROR;
				CLANG_WARN_RANGE_LOOP_ANALYSIS = YES;
				CLANG_WARN_STRICT_PROTOTYPES = YES;
				CLANG_WARN_SUSPICIOUS_MOVE = YES;
				CLANG_WARN_UNGUARDED_AVAILABILITY = YES_AGGRESSIVE;
				CLANG_WARN_UNREACHABLE_CODE = YES;
				CLANG_WARN__DUPLICATE_METHOD_MATCH = YES;
				COPY_PHASE_STRIP = NO;
				DEBUG_INFORMATION_FORMAT = dwarf;
				ENABLE_STRICT_OBJC_MSGSEND = YES;
				ENABLE_TESTABILITY = YES;
				GCC_C_LANGUAGE_STANDARD = gnu11;
				GCC_DYNAMIC_NO_PIC = NO;
				GCC_NO_COMMON_BLOCKS = YES;
				GCC_OPTIMIZATION_LEVEL = 0;
				GCC_PREPROCESSOR_DEFINITIONS = (
					"DEBUG=1",
					"$(inherited)",
				);
				GCC_WARN_64_TO_32_BIT_CONVERSION = YES;
				GCC_WARN_ABOUT_RETURN_TYPE = YES_ERROR;
				GCC_WARN_UNDECLARED_SELECTOR = YES;
				GCC_WARN_UNINITIALIZED_AUTOS = YES_AGGRESSIVE;
				GCC_WARN_UNUSED_FUNCTION = YES;
				GCC_WARN_UNUSED_VARIABLE = YES;
				IPHONEOS_DEPLOYMENT_TARGET = 13.2;
				MTL_ENABLE_DEBUG_INFO = INCLUDE_SOURCE;
				MTL_FAST_MATH = YES;
				ONLY_ACTIVE_ARCH = YES;
				SDKROOT = iphoneos;
				SWIFT_ACTIVE_COMPILATION_CONDITIONS = DEBUG;
				SWIFT_OPTIMIZATION_LEVEL = "-Onone";
			};
			name = Debug;
		};
		74E00F5923A79ADC00675F8C /* Release */ = {
			isa = XCBuildConfiguration;
			buildSettings = {
				ALWAYS_SEARCH_USER_PATHS = NO;
				CLANG_ANALYZER_NONNULL = YES;
				CLANG_ANALYZER_NUMBER_OBJECT_CONVERSION = YES_AGGRESSIVE;
				CLANG_CXX_LANGUAGE_STANDARD = "gnu++14";
				CLANG_CXX_LIBRARY = "libc++";
				CLANG_ENABLE_MODULES = YES;
				CLANG_ENABLE_OBJC_ARC = YES;
				CLANG_ENABLE_OBJC_WEAK = YES;
				CLANG_WARN_BLOCK_CAPTURE_AUTORELEASING = YES;
				CLANG_WARN_BOOL_CONVERSION = YES;
				CLANG_WARN_COMMA = YES;
				CLANG_WARN_CONSTANT_CONVERSION = YES;
				CLANG_WARN_DEPRECATED_OBJC_IMPLEMENTATIONS = YES;
				CLANG_WARN_DIRECT_OBJC_ISA_USAGE = YES_ERROR;
				CLANG_WARN_DOCUMENTATION_COMMENTS = YES;
				CLANG_WARN_EMPTY_BODY = YES;
				CLANG_WARN_ENUM_CONVERSION = YES;
				CLANG_WARN_INFINITE_RECURSION = YES;
				CLANG_WARN_INT_CONVERSION = YES;
				CLANG_WARN_NON_LITERAL_NULL_CONVERSION = YES;
				CLANG_WARN_OBJC_IMPLICIT_RETAIN_SELF = YES;
				CLANG_WARN_OBJC_LITERAL_CONVERSION = YES;
				CLANG_WARN_OBJC_ROOT_CLASS = YES_ERROR;
				CLANG_WARN_RANGE_LOOP_ANALYSIS = YES;
				CLANG_WARN_STRICT_PROTOTYPES = YES;
				CLANG_WARN_SUSPICIOUS_MOVE = YES;
				CLANG_WARN_UNGUARDED_AVAILABILITY = YES_AGGRESSIVE;
				CLANG_WARN_UNREACHABLE_CODE = YES;
				CLANG_WARN__DUPLICATE_METHOD_MATCH = YES;
				COPY_PHASE_STRIP = NO;
				DEBUG_INFORMATION_FORMAT = "dwarf-with-dsym";
				ENABLE_NS_ASSERTIONS = NO;
				ENABLE_STRICT_OBJC_MSGSEND = YES;
				GCC_C_LANGUAGE_STANDARD = gnu11;
				GCC_NO_COMMON_BLOCKS = YES;
				GCC_WARN_64_TO_32_BIT_CONVERSION = YES;
				GCC_WARN_ABOUT_RETURN_TYPE = YES_ERROR;
				GCC_WARN_UNDECLARED_SELECTOR = YES;
				GCC_WARN_UNINITIALIZED_AUTOS = YES_AGGRESSIVE;
				GCC_WARN_UNUSED_FUNCTION = YES;
				GCC_WARN_UNUSED_VARIABLE = YES;
				IPHONEOS_DEPLOYMENT_TARGET = 13.2;
				MTL_ENABLE_DEBUG_INFO = NO;
				MTL_FAST_MATH = YES;
				SDKROOT = iphoneos;
				SWIFT_COMPILATION_MODE = wholemodule;
				SWIFT_OPTIMIZATION_LEVEL = "-O";
				VALIDATE_PRODUCT = YES;
			};
			name = Release;
		};
		74E00F5B23A79ADC00675F8C /* Debug */ = {
			isa = XCBuildConfiguration;
			baseConfigurationReference = 828324B413D53B9C8780078A /* Pods-Todoey.debug.xcconfig */;
			buildSettings = {
				ASSETCATALOG_COMPILER_APPICON_NAME = AppIcon;
				CODE_SIGN_STYLE = Automatic;
				DEVELOPMENT_TEAM = C2VNGGX9YQ;
				INFOPLIST_FILE = Todoey/Info.plist;
				LD_RUNPATH_SEARCH_PATHS = (
					"$(inherited)",
					"@executable_path/Frameworks",
				);
				PRODUCT_BUNDLE_IDENTIFIER = com.AppFactory.Todoey;
				PRODUCT_NAME = "$(TARGET_NAME)";
				SWIFT_VERSION = 5.0;
				TARGETED_DEVICE_FAMILY = "1,2";
			};
			name = Debug;
		};
		74E00F5C23A79ADC00675F8C /* Release */ = {
			isa = XCBuildConfiguration;
			baseConfigurationReference = 84864F10A758B63598AFABA6 /* Pods-Todoey.release.xcconfig */;
			buildSettings = {
				ASSETCATALOG_COMPILER_APPICON_NAME = AppIcon;
				CODE_SIGN_STYLE = Automatic;
				DEVELOPMENT_TEAM = C2VNGGX9YQ;
				INFOPLIST_FILE = Todoey/Info.plist;
				LD_RUNPATH_SEARCH_PATHS = (
					"$(inherited)",
					"@executable_path/Frameworks",
				);
				PRODUCT_BUNDLE_IDENTIFIER = com.AppFactory.Todoey;
				PRODUCT_NAME = "$(TARGET_NAME)";
				SWIFT_VERSION = 5.0;
				TARGETED_DEVICE_FAMILY = "1,2";
			};
			name = Release;
		};
/* End XCBuildConfiguration section */

/* Begin XCConfigurationList section */
		74E00F4123A79ADB00675F8C /* Build configuration list for PBXProject "Todoey" */ = {
			isa = XCConfigurationList;
			buildConfigurations = (
				74E00F5823A79ADC00675F8C /* Debug */,
				74E00F5923A79ADC00675F8C /* Release */,
			);
			defaultConfigurationIsVisible = 0;
			defaultConfigurationName = Release;
		};
		74E00F5A23A79ADC00675F8C /* Build configuration list for PBXNativeTarget "Todoey" */ = {
			isa = XCConfigurationList;
			buildConfigurations = (
				74E00F5B23A79ADC00675F8C /* Debug */,
				74E00F5C23A79ADC00675F8C /* Release */,
			);
			defaultConfigurationIsVisible = 0;
			defaultConfigurationName = Release;
		};
/* End XCConfigurationList section */
	};
	rootObject = 74E00F3E23A79ADB00675F8C /* Project object */;
}
